<?xml version="1.0" encoding="utf-8"?>
<Project ToolsVersion="4.0" xmlns="http://schemas.microsoft.com/developer/msbuild/2003">
  <ItemGroup>
    <Filter Include="Source Files">
      <UniqueIdentifier>{4FC737F1-C7A5-4376-A066-2A32D752A2FF}</UniqueIdentifier>
      <Extensions>cpp;c;cc;cxx;c++;cppm;ixx;def;odl;idl;hpj;bat;asm;asmx</Extensions>
    </Filter>
    <Filter Include="Header Files">
      <UniqueIdentifier>{93995380-89BD-4b04-88EB-625FBE52EBFB}</UniqueIdentifier>
      <Extensions>h;hh;hpp;hxx;h++;hm;inl;inc;ipp;xsd</Extensions>
    </Filter>
    <Filter Include="Resource Files">
      <UniqueIdentifier>{67DA6AB6-F800-4c08-8B7A-83BB121AAD01}</UniqueIdentifier>
      <Extensions>rc;ico;cur;bmp;dlg;rc2;rct;bin;rgs;gif;jpg;jpeg;jpe;resx;tiff;tif;png;wav;mfcribbon-ms</Extensions>
    </Filter>
    <Filter Include="include">
      <UniqueIdentifier>{c23759df-fdc7-43e9-a407-6fb6c77e71ea}</UniqueIdentifier>
    </Filter>
    <Filter Include="Source Files\Effects">
      <UniqueIdentifier>{eaa6283a-e9ae-4403-8b6e-c09e328d6756}</UniqueIdentifier>
    </Filter>
    <Filter Include="Source Files\Server">
      <UniqueIdentifier>{c4a50baa-94f5-48b5-b7d1-0ac07fe0d32e}</UniqueIdentifier>
    </Filter>
    <Filter Include="Source Files\Menu">
      <UniqueIdentifier>{83dbaf88-4ae5-4447-9d21-f406a3839dce}</UniqueIdentifier>
    </Filter>
  </ItemGroup>
  <ItemGroup>
    <ClCompile Include="src\main.cpp">
      <Filter>Source Files</Filter>
    </ClCompile>
    <ClCompile Include="src\script.cpp">
      <Filter>Source Files</Filter>
    </ClCompile>
    <ClCompile Include="src\Effects\effect.cpp">
      <Filter>Source Files\Effects</Filter>
    </ClCompile>
    <ClCompile Include="src\Effects\peds.cpp">
      <Filter>Source Files\Effects</Filter>
    </ClCompile>
    <ClCompile Include="src\Effects\player.cpp">
      <Filter>Source Files\Effects</Filter>
    </ClCompile>
    <ClCompile Include="src\Effects\misc.cpp">
      <Filter>Source Files\Effects</Filter>
    </ClCompile>
    <ClCompile Include="src\Effects\vehs.cpp">
      <Filter>Source Files\Effects</Filter>
    </ClCompile>
    <ClCompile Include="src\server.cpp">
      <Filter>Source Files\Server</Filter>
    </ClCompile>
    <ClCompile Include="src\Misc\menu.cpp">
      <Filter>Source Files\Menu</Filter>
    </ClCompile>
  </ItemGroup>
  <ItemGroup>
    <ClInclude Include="src\script.h">
      <Filter>Header Files</Filter>
    </ClInclude>
    <ClInclude Include="..\rdr2_sdk\inc\enums.h">
      <Filter>include</Filter>
    </ClInclude>
    <ClInclude Include="..\rdr2_sdk\inc\main.h">
      <Filter>include</Filter>
    </ClInclude>
    <ClInclude Include="..\rdr2_sdk\inc\nativeCaller.h">
      <Filter>include</Filter>
    </ClInclude>
    <ClInclude Include="..\rdr2_sdk\inc\natives.h">
      <Filter>include</Filter>
    </ClInclude>
    <ClInclude Include="..\rdr2_sdk\inc\types.h">
      <Filter>include</Filter>
    </ClInclude>
    <ClInclude Include="src\Effects\effect.h">
      <Filter>Source Files\Effects</Filter>
    </ClInclude>
    <ClInclude Include="src\Effects\peds.h">
      <Filter>Source Files\Effects</Filter>
    </ClInclude>
    <ClInclude Include="src\Effects\player.h">
      <Filter>Source Files\Effects</Filter>
    </ClInclude>
    <ClInclude Include="src\Effects\misc.h">
      <Filter>Source Files\Effects</Filter>
    </ClInclude>
    <ClInclude Include="src\Effects\vehs.h">
      <Filter>Source Files\Effects</Filter>
    </ClInclude>
    <ClInclude Include="src\server.h">
      <Filter>Source Files\Server</Filter>
    </ClInclude>
    <ClInclude Include="src\pch.h">
      <Filter>Source Files</Filter>
    </ClInclude>
    <ClInclude Include="src\Misc\menu.h">
      <Filter>Source Files\Menu</Filter>
    </ClInclude>
  </ItemGroup>
</Project>